
Microsoft Visual Studio Solution File, Format Version 12.00
# Visual Studio 14
VisualStudioVersion = 14.0.25420.1
MinimumVisualStudioVersion = 10.0.40219.1
Project("{FAE04EC0-301F-11D3-BF4B-00C04F79EFBC}") = "MyShop.Core", "MyShop.Core\MyShop.Core.csproj", "{9CE14911-8390-4402-9F7E-02F00EC87F8F}"
EndProject
Project("{FAE04EC0-301F-11D3-BF4B-00C04F79EFBC}") = "MyShop.Services", "MyShop.Services\MyShop.Services.csproj", "{F1A1F9DA-3137-463F-B214-DE849BB23152}"
EndProject
Project("{FAE04EC0-301F-11D3-BF4B-00C04F79EFBC}") = "MyShop.DataAcces.SQL", "MyShop.DataAcces.SQL\MyShop.DataAcces.SQL.csproj", "{B4DC934D-CD47-4072-8CFE-1000A37CD794}"
EndProject
Project("{FAE04EC0-301F-11D3-BF4B-00C04F79EFBC}") = "MyShop.DataAccess.InMemory", "MyShop.DataAccess.InMemory\MyShop.DataAccess.InMemory.csproj", "{903C6B47-56AC-4CA6-94C8-F4C700E32FFE}"
EndProject
Project("{FAE04EC0-301F-11D3-BF4B-00C04F79EFBC}") = "MyShop.WebUI", "MyShop.WebUI\MyShop.WebUI.csproj", "{743EBDD6-7A35-4B29-9B95-2170F32126AA}"
EndProject
Project("{FAE04EC0-301F-11D3-BF4B-00C04F79EFBC}") = "MyShop.WebUI.Tests", "MyShop.WebUI.Tests\MyShop.WebUI.Tests.csproj", "{FAD2392D-E7D7-488A-852A-4F26E5D6E92F}"
EndProject
Global
	GlobalSection(SolutionConfigurationPlatforms) = preSolution
		Debug|Any CPU = Debug|Any CPU
		Release|Any CPU = Release|Any CPU
	EndGlobalSection
	GlobalSection(ProjectConfigurationPlatforms) = postSolution
		{9CE14911-8390-4402-9F7E-02F00EC87F8F}.Debug|Any CPU.ActiveCfg = Debug|Any CPU
		{9CE14911-8390-4402-9F7E-02F00EC87F8F}.Debug|Any CPU.Build.0 = Debug|Any CPU
		{9CE14911-8390-4402-9F7E-02F00EC87F8F}.Release|Any CPU.ActiveCfg = Release|Any CPU
		{9CE14911-8390-4402-9F7E-02F00EC87F8F}.Release|Any CPU.Build.0 = Release|Any CPU
		{F1A1F9DA-3137-463F-B214-DE849BB23152}.Debug|Any CPU.ActiveCfg = Debug|Any CPU
		{F1A1F9DA-3137-463F-B214-DE849BB23152}.Debug|Any CPU.Build.0 = Debug|Any CPU
		{F1A1F9DA-3137-463F-B214-DE849BB23152}.Release|Any CPU.ActiveCfg = Release|Any CPU
		{F1A1F9DA-3137-463F-B214-DE849BB23152}.Release|Any CPU.Build.0 = Release|Any CPU
		{B4DC934D-CD47-4072-8CFE-1000A37CD794}.Debug|Any CPU.ActiveCfg = Debug|Any CPU
		{B4DC934D-CD47-4072-8CFE-1000A37CD794}.Debug|Any CPU.Build.0 = Debug|Any CPU
		{B4DC934D-CD47-4072-8CFE-1000A37CD794}.Release|Any CPU.ActiveCfg = Release|Any CPU
		{B4DC934D-CD47-4072-8CFE-1000A37CD794}.Release|Any CPU.Build.0 = Release|Any CPU
		{903C6B47-56AC-4CA6-94C8-F4C700E32FFE}.Debug|Any CPU.ActiveCfg = Debug|Any CPU
		{903C6B47-56AC-4CA6-94C8-F4C700E32FFE}.Debug|Any CPU.Build.0 = Debug|Any CPU
		{903C6B47-56AC-4CA6-94C8-F4C700E32FFE}.Release|Any CPU.ActiveCfg = Release|Any CPU
		{903C6B47-56AC-4CA6-94C8-F4C700E32FFE}.Release|Any CPU.Build.0 = Release|Any CPU
		{743EBDD6-7A35-4B29-9B95-2170F32126AA}.Debug|Any CPU.ActiveCfg = Debug|Any CPU
		{743EBDD6-7A35-4B29-9B95-2170F32126AA}.Debug|Any CPU.Build.0 = Debug|Any CPU
		{743EBDD6-7A35-4B29-9B95-2170F32126AA}.Release|Any CPU.ActiveCfg = Release|Any CPU
		{743EBDD6-7A35-4B29-9B95-2170F32126AA}.Release|Any CPU.Build.0 = Release|Any CPU
		{FAD2392D-E7D7-488A-852A-4F26E5D6E92F}.Debug|Any CPU.ActiveCfg = Debug|Any CPU
		{FAD2392D-E7D7-488A-852A-4F26E5D6E92F}.Debug|Any CPU.Build.0 = Debug|Any CPU
		{FAD2392D-E7D7-488A-852A-4F26E5D6E92F}.Release|Any CPU.ActiveCfg = Release|Any CPU
		{FAD2392D-E7D7-488A-852A-4F26E5D6E92F}.Release|Any CPU.Build.0 = Release|Any CPU
	EndGlobalSection
	GlobalSection(SolutionProperties) = preSolution
		HideSolutionNode = FALSE
	EndGlobalSection
EndGlobal
